
Microsoft Visual Studio Solution File, Format Version 12.00
# Visual Studio Version 17
VisualStudioVersion = 17.0.31903.59
MinimumVisualStudioVersion = 10.0.40219.1
Project("{FAE04EC0-301F-11D3-BF4B-00C04F79EFBC}") = "LinkingTests", "LinkingTests\LinkingTests.csproj", "{EEF70F57-FF7B-44DC-9EE2-45411DA84998}"
EndProject
Project("{FAE04EC0-301F-11D3-BF4B-00C04F79EFBC}") = "UnitTestsLinkingTests", "UnitTestsLinkingTests\UnitTestsLinkingTests.csproj", "{04FBA023-B40C-47B5-B9A4-6E561A3A663F}"
EndProject
Global
	GlobalSection(SolutionConfigurationPlatforms) = preSolution
		Debug|Any CPU = Debug|Any CPU
		Release|Any CPU = Release|Any CPU
	EndGlobalSection
	GlobalSection(SolutionProperties) = preSolution
		HideSolutionNode = FALSE
	EndGlobalSection
	GlobalSection(ProjectConfigurationPlatforms) = postSolution
		{EEF70F57-FF7B-44DC-9EE2-45411DA84998}.Debug|Any CPU.ActiveCfg = Debug|Any CPU
		{EEF70F57-FF7B-44DC-9EE2-45411DA84998}.Debug|Any CPU.Build.0 = Debug|Any CPU
		{EEF70F57-FF7B-44DC-9EE2-45411DA84998}.Release|Any CPU.ActiveCfg = Release|Any CPU
		{EEF70F57-FF7B-44DC-9EE2-45411DA84998}.Release|Any CPU.Build.0 = Release|Any CPU
		{04FBA023-B40C-47B5-B9A4-6E561A3A663F}.Debug|Any CPU.ActiveCfg = Debug|Any CPU
		{04FBA023-B40C-47B5-B9A4-6E561A3A663F}.Debug|Any CPU.Build.0 = Debug|Any CPU
		{04FBA023-B40C-47B5-B9A4-6E561A3A663F}.Release|Any CPU.ActiveCfg = Release|Any CPU
		{04FBA023-B40C-47B5-B9A4-6E561A3A663F}.Release|Any CPU.Build.0 = Release|Any CPU
	EndGlobalSection
EndGlobal
