
Microsoft Visual Studio Solution File, Format Version 12.00
# Visual Studio Version 17
VisualStudioVersion = 17.0.31903.59
MinimumVisualStudioVersion = 10.0.40219.1
Project("{FAE04EC0-301F-11D3-BF4B-00C04F79EFBC}") = "Enumerables", "Enumerables\Enumerables.csproj", "{E50A417E-78D0-4CCE-8873-536F0759F3F0}"
EndProject
Project("{FAE04EC0-301F-11D3-BF4B-00C04F79EFBC}") = "Tests", "Tests\Tests.csproj", "{E1E38D8C-1648-48D5-92E5-780C229C06CF}"
EndProject
Global
	GlobalSection(SolutionConfigurationPlatforms) = preSolution
		Debug|Any CPU = Debug|Any CPU
		Release|Any CPU = Release|Any CPU
	EndGlobalSection
	GlobalSection(SolutionProperties) = preSolution
		HideSolutionNode = FALSE
	EndGlobalSection
	GlobalSection(ProjectConfigurationPlatforms) = postSolution
		{E50A417E-78D0-4CCE-8873-536F0759F3F0}.Debug|Any CPU.ActiveCfg = Debug|Any CPU
		{E50A417E-78D0-4CCE-8873-536F0759F3F0}.Debug|Any CPU.Build.0 = Debug|Any CPU
		{E50A417E-78D0-4CCE-8873-536F0759F3F0}.Release|Any CPU.ActiveCfg = Release|Any CPU
		{E50A417E-78D0-4CCE-8873-536F0759F3F0}.Release|Any CPU.Build.0 = Release|Any CPU
		{E1E38D8C-1648-48D5-92E5-780C229C06CF}.Debug|Any CPU.ActiveCfg = Debug|Any CPU
		{E1E38D8C-1648-48D5-92E5-780C229C06CF}.Debug|Any CPU.Build.0 = Debug|Any CPU
		{E1E38D8C-1648-48D5-92E5-780C229C06CF}.Release|Any CPU.ActiveCfg = Release|Any CPU
		{E1E38D8C-1648-48D5-92E5-780C229C06CF}.Release|Any CPU.Build.0 = Release|Any CPU
	EndGlobalSection
EndGlobal
